
Microsoft Visual Studio Solution File, Format Version 12.00
# Visual Studio Version 17
VisualStudioVersion = 17.3.32901.215
MinimumVisualStudioVersion = 10.0.40219.1
Project("{FAE04EC0-301F-11D3-BF4B-00C04F79EFBC}") = "SampleApp", "SampleApp.csproj", "{D4A85986-18A7-4839-81EF-C6A7D61E4015}"
EndProject
Global
	GlobalSection(SolutionConfigurationPlatforms) = preSolution
		Debug|Any CPU = Debug|Any CPU
		Release|Any CPU = Release|Any CPU
	EndGlobalSection
	GlobalSection(ProjectConfigurationPlatforms) = postSolution
		{D4A85986-18A7-4839-81EF-C6A7D61E4015}.Debug|Any CPU.ActiveCfg = Debug|Any CPU
		{D4A85986-18A7-4839-81EF-C6A7D61E4015}.Debug|Any CPU.Build.0 = Debug|Any CPU
		{D4A85986-18A7-4839-81EF-C6A7D61E4015}.Release|Any CPU.ActiveCfg = Release|Any CPU
		{D4A85986-18A7-4839-81EF-C6A7D61E4015}.Release|Any CPU.Build.0 = Release|Any CPU
	EndGlobalSection
	GlobalSection(SolutionProperties) = preSolution
		HideSolutionNode = FALSE
	EndGlobalSection
	GlobalSection(ExtensibilityGlobals) = postSolution
		SolutionGuid = {E68931E4-B026-427A-897B-5001256E2B50}
	EndGlobalSection
EndGlobal
